{
  "lockfile_version": "1",
  "packages": {
    "act@0.2.50": {
      "last_modified": "2023-09-19T14:14:51Z",
      "resolved": "github:NixOS/nixpkgs/8b5ab8341e33322e5b66fb46ce23d724050f6606#act",
      "source": "devbox-search",
      "version": "0.2.50"
    },
    "bun@0.7.3": {
      "last_modified": "2023-08-23T16:29:29Z",
      "resolved": "github:NixOS/nixpkgs/9201b5ff357e781bf014d0330d18555695df7ba8#bun",
      "source": "devbox-search",
      "version": "0.7.3"
    },
    "nodePackages.pnpm@8.6.11": {
      "last_modified": "2023-08-08T03:07:33Z",
      "resolved": "github:NixOS/nixpkgs/844ffa82bbe2a2779c86ab3a72ff1b4176cec467#nodePackages.pnpm",
      "source": "devbox-search",
      "version": "8.6.11"
    },
    "nodejs@18.16.1": {
      "last_modified": "2023-06-30T04:44:22Z",
      "resolved": "github:NixOS/nixpkgs/3c614fbc76fc152f3e1bc4b2263da6d90adf80fb#nodejs_18",
      "source": "devbox-search",
      "version": "18.16.1"
    }
  }
}
