{
  "version": 4,
  "terraform_version": "0.15.0",
  "serial": 69,
  "lineage": "d02039d9-c27e-4e19-37ad-e136ccd2a191",
  "outputs": {
    "domain_name": {
      "value": "simonco.gold",
      "type": "string"
    }
  },
  "resources": [
    {
      "mode": "data",
      "type": "cloudflare_zones",
      "name": "domain",
      "provider": "provider[\"registry.terraform.io/cloudflare/cloudflare\"]",
      "instances": [
        {
          "schema_version": 0,
          "attributes": {
            "filter": [
              {
                "lookup_type": "exact",
                "match": "",
                "name": "simonco.gold",
                "paused": false,
                "status": ""
              }
            ],
            "id": "4c351027f1d50f5ed63f0a52008073f6",
            "zones": [
              {
                "id": "955a2c410ea7c067cc6243f4d0f63846",
                "name": "simonco.gold"
              }
            ]
          },
          "sensitive_attributes": []
        }
      ]
    },
    {
      "mode": "managed",
      "type": "cloudflare_page_rule",
      "name": "redirect_labs",
      "provider": "provider[\"registry.terraform.io/cloudflare/cloudflare\"]",
      "instances": [
        {
          "schema_version": 0,
          "attributes": {
            "actions": [
              {
                "always_online": "",
                "always_use_https": false,
                "automatic_https_rewrites": "",
                "browser_cache_ttl": "",
                "browser_check": "",
                "bypass_cache_on_cookie": "",
                "cache_by_device_type": "",
                "cache_deception_armor": "",
                "cache_key_fields": [],
                "cache_level": "",
                "cache_on_cookie": "",
                "cache_ttl_by_status": [],
                "disable_apps": false,
                "disable_performance": false,
                "disable_railgun": false,
                "disable_security": false,
                "edge_cache_ttl": 0,
                "email_obfuscation": "",
                "explicit_cache_control": "",
                "forwarding_url": [
                  {
                    "status_code": 301,
                    "url": "https://$1.labs.simonco.gold"
                  }
                ],
                "host_header_override": "",
                "ip_geolocation": "",
                "minify": [],
                "mirage": "",
                "opportunistic_encryption": "",
                "origin_error_page_pass_thru": "",
                "polish": "",
                "resolve_override": "",
                "respect_strong_etag": "",
                "response_buffering": "",
                "rocket_loader": "",
                "security_level": "",
                "server_side_exclude": "",
                "sort_query_string_for_cache": "",
                "ssl": "",
                "true_client_ip_header": "",
                "waf": ""
              }
            ],
            "id": "2ae40817373c597ad47710f9e87e746e",
            "priority": 1,
            "status": "active",
            "target": "labs.simonco.gold/*",
            "zone_id": "955a2c410ea7c067cc6243f4d0f63846"
          },
          "sensitive_attributes": [],
          "private": "bnVsbA==",
          "dependencies": [
            "data.cloudflare_zones.domain"
          ]
        }
      ]
    },
    {
      "mode": "managed",
      "type": "cloudflare_page_rule",
      "name": "redirect_www",
      "provider": "provider[\"registry.terraform.io/cloudflare/cloudflare\"]",
      "instances": [
        {
          "schema_version": 0,
          "attributes": {
            "actions": [
              {
                "always_online": "",
                "always_use_https": false,
                "automatic_https_rewrites": "",
                "browser_cache_ttl": "",
                "browser_check": "",
                "bypass_cache_on_cookie": "",
                "cache_by_device_type": "",
                "cache_deception_armor": "",
                "cache_key_fields": [],
                "cache_level": "",
                "cache_on_cookie": "",
                "cache_ttl_by_status": [],
                "disable_apps": false,
                "disable_performance": false,
                "disable_railgun": false,
                "disable_security": false,
                "edge_cache_ttl": 0,
                "email_obfuscation": "",
                "explicit_cache_control": "",
                "forwarding_url": [
                  {
                    "status_code": 301,
                    "url": "https://simonco.gold"
                  }
                ],
                "host_header_override": "",
                "ip_geolocation": "",
                "minify": [],
                "mirage": "",
                "opportunistic_encryption": "",
                "origin_error_page_pass_thru": "",
                "polish": "",
                "resolve_override": "",
                "respect_strong_etag": "",
                "response_buffering": "",
                "rocket_loader": "",
                "security_level": "",
                "server_side_exclude": "",
                "sort_query_string_for_cache": "",
                "ssl": "",
                "true_client_ip_header": "",
                "waf": ""
              }
            ],
            "id": "a5c481814ae760d9daa9d52b22241ae3",
            "priority": 1,
            "status": "active",
            "target": "www.simonco.gold/",
            "zone_id": "955a2c410ea7c067cc6243f4d0f63846"
          },
          "sensitive_attributes": [],
          "private": "bnVsbA==",
          "dependencies": [
            "data.cloudflare_zones.domain"
          ]
        }
      ]
    },
    {
      "mode": "managed",
      "type": "cloudflare_record",
      "name": "ghost_address",
      "provider": "provider[\"registry.terraform.io/cloudflare/cloudflare\"]",
      "instances": [
        {
          "schema_version": 1,
          "attributes": {
            "created_on": "2021-04-17T09:13:37.62513Z",
            "data": {},
            "hostname": "ghost.simonco.gold",
            "id": "ae9eed6751cd25cac84f155deb5d55e1",
            "metadata": {
              "auto_added": "false",
              "managed_by_apps": "false",
              "managed_by_argo_tunnel": "false",
              "source": "primary"
            },
            "modified_on": "2021-04-17T09:13:37.62513Z",
            "name": "ghost",
            "priority": null,
            "proxiable": true,
            "proxied": false,
            "timeouts": null,
            "ttl": 3600,
            "type": "A",
            "value": "116.202.234.197",
            "zone_id": "955a2c410ea7c067cc6243f4d0f63846"
          },
          "sensitive_attributes": [],
          "private": "eyJlMmJmYjczMC1lY2FhLTExZTYtOGY4OC0zNDM2M2JjN2M0YzAiOnsiY3JlYXRlIjozMDAwMDAwMDAwMCwidXBkYXRlIjozMDAwMDAwMDAwMH0sInNjaGVtYV92ZXJzaW9uIjoiMSJ9",
          "dependencies": [
            "data.cloudflare_zones.domain"
          ]
        }
      ]
    },
    {
      "mode": "managed",
      "type": "cloudflare_record",
      "name": "google_ownership",
      "provider": "provider[\"registry.terraform.io/cloudflare/cloudflare\"]",
      "instances": [
        {
          "schema_version": 1,
          "attributes": {
            "created_on": "2021-04-17T09:13:37.145895Z",
            "data": {},
            "hostname": "simse.io.simonco.gold",
            "id": "88ebf40ef6a1cf37de1c0902e08dd4db",
            "metadata": {
              "auto_added": "false",
              "managed_by_apps": "false",
              "managed_by_argo_tunnel": "false",
              "source": "primary"
            },
            "modified_on": "2021-04-17T09:13:37.145895Z",
            "name": "simse.io",
            "priority": null,
            "proxiable": false,
            "proxied": false,
            "timeouts": null,
            "ttl": 3600,
            "type": "TXT",
            "value": "google-site-verification=a4GWEe3RrWowXPam8oJq51UFVx_-RcJRcf0q8xDaSyg",
            "zone_id": "955a2c410ea7c067cc6243f4d0f63846"
          },
          "sensitive_attributes": [],
          "private": "eyJlMmJmYjczMC1lY2FhLTExZTYtOGY4OC0zNDM2M2JjN2M0YzAiOnsiY3JlYXRlIjozMDAwMDAwMDAwMCwidXBkYXRlIjozMDAwMDAwMDAwMH0sInNjaGVtYV92ZXJzaW9uIjoiMSJ9",
          "dependencies": [
            "data.cloudflare_zones.domain"
          ]
        }
      ]
    },
    {
      "mode": "managed",
      "type": "cloudflare_zone_settings_override",
      "name": "simse",
      "provider": "provider[\"registry.terraform.io/cloudflare/cloudflare\"]",
      "instances": [
        {
          "schema_version": 0,
          "attributes": {
            "id": "955a2c410ea7c067cc6243f4d0f63846",
            "initial_settings": [
              {
                "always_online": "off",
                "always_use_https": "on",
                "automatic_https_rewrites": "on",
                "brotli": "on",
                "browser_cache_ttl": 14400,
                "browser_check": "on",
                "cache_level": "aggressive",
                "challenge_ttl": 1800,
                "cname_flattening": "flatten_at_root",
                "development_mode": "off",
                "email_obfuscation": "on",
                "h2_prioritization": "off",
                "hotlink_protection": "off",
                "http2": "on",
                "http3": "on",
                "image_resizing": "off",
                "ip_geolocation": "on",
                "ipv6": "on",
                "max_upload": 100,
                "min_tls_version": "1.0",
                "minify": [
                  {
                    "css": "off",
                    "html": "off",
                    "js": "off"
                  }
                ],
                "mirage": "off",
                "mobile_redirect": [
                  {
                    "mobile_subdomain": "",
                    "status": "off",
                    "strip_uri": false
                  }
                ],
                "opportunistic_encryption": "on",
                "opportunistic_onion": "on",
                "origin_error_page_pass_thru": "off",
                "polish": "off",
                "prefetch_preload": "off",
                "privacy_pass": "on",
                "pseudo_ipv4": "off",
                "response_buffering": "off",
                "rocket_loader": "off",
                "security_header": [
                  {
                    "enabled": true,
                    "include_subdomains": false,
                    "max_age": 0,
                    "nosniff": false,
                    "preload": false
                  }
                ],
                "security_level": "medium",
                "server_side_exclude": "on",
                "sort_query_string_for_cache": "off",
                "ssl": "flexible",
                "tls_1_2_only": "off",
                "tls_1_3": "on",
                "tls_client_auth": "off",
                "true_client_ip_header": "off",
                "universal_ssl": "",
                "waf": "off",
                "webp": "off",
                "websockets": "on",
                "zero_rtt": "off"
              }
            ],
            "initial_settings_read_at": "2021-04-17T09:24:59.267013735Z",
            "readonly_settings": [
              "advanced_ddos",
              "cname_flattening",
              "http2",
              "mirage",
              "origin_error_page_pass_thru",
              "polish",
              "prefetch_preload",
              "response_buffering",
              "sort_query_string_for_cache",
              "true_client_ip_header",
              "webp",
              "binary_ast",
              "image_resizing"
            ],
            "settings": [
              {
                "always_online": "off",
                "always_use_https": "on",
                "automatic_https_rewrites": "on",
                "brotli": "on",
                "browser_cache_ttl": 14400,
                "browser_check": "on",
                "cache_level": "aggressive",
                "challenge_ttl": 1800,
                "cname_flattening": "flatten_at_root",
                "development_mode": "off",
                "email_obfuscation": "on",
                "h2_prioritization": "off",
                "hotlink_protection": "off",
                "http2": "on",
                "http3": "on",
                "image_resizing": "off",
                "ip_geolocation": "on",
                "ipv6": "on",
                "max_upload": 100,
                "min_tls_version": "1.0",
                "minify": [
                  {
                    "css": "off",
                    "html": "off",
                    "js": "off"
                  }
                ],
                "mirage": "off",
                "mobile_redirect": [
                  {
                    "mobile_subdomain": "",
                    "status": "off",
                    "strip_uri": false
                  }
                ],
                "opportunistic_encryption": "on",
                "opportunistic_onion": "on",
                "origin_error_page_pass_thru": "off",
                "polish": "off",
                "prefetch_preload": "off",
                "privacy_pass": "on",
                "pseudo_ipv4": "off",
                "response_buffering": "off",
                "rocket_loader": "off",
                "security_header": [
                  {
                    "enabled": true,
                    "include_subdomains": false,
                    "max_age": 0,
                    "nosniff": false,
                    "preload": false
                  }
                ],
                "security_level": "medium",
                "server_side_exclude": "on",
                "sort_query_string_for_cache": "off",
                "ssl": "flexible",
                "tls_1_2_only": "off",
                "tls_1_3": "on",
                "tls_client_auth": "off",
                "true_client_ip_header": "off",
                "universal_ssl": "",
                "waf": "off",
                "webp": "",
                "websockets": "on",
                "zero_rtt": "off"
              }
            ],
            "zone_id": "955a2c410ea7c067cc6243f4d0f63846",
            "zone_status": null,
            "zone_type": null
          },
          "sensitive_attributes": [],
          "private": "bnVsbA==",
          "dependencies": [
            "data.cloudflare_zones.domain"
          ]
        }
      ]
    },
    {
      "module": "module.lab_site",
      "mode": "data",
      "type": "cloudflare_zones",
      "name": "domain",
      "provider": "provider[\"registry.terraform.io/cloudflare/cloudflare\"]",
      "instances": [
        {
          "schema_version": 0,
          "attributes": {
            "filter": [
              {
                "lookup_type": "exact",
                "match": "",
                "name": "simonco.gold",
                "paused": false,
                "status": ""
              }
            ],
            "id": "4c351027f1d50f5ed63f0a52008073f6",
            "zones": [
              {
                "id": "955a2c410ea7c067cc6243f4d0f63846",
                "name": "simonco.gold"
              }
            ]
          },
          "sensitive_attributes": []
        }
      ]
    },
    {
      "module": "module.lab_site",
      "mode": "managed",
      "type": "aws_s3_bucket",
      "name": "site",
      "provider": "provider[\"registry.terraform.io/hashicorp/aws\"]",
      "instances": [
        {
          "schema_version": 0,
          "attributes": {
            "acceleration_status": "",
            "acl": "public-read",
            "arn": "arn:aws:s3:::labs.simonco.gold",
            "bucket": "labs.simonco.gold",
            "bucket_domain_name": "labs.simonco.gold.s3.amazonaws.com",
            "bucket_prefix": null,
            "bucket_regional_domain_name": "labs.simonco.gold.s3.amazonaws.com",
            "cors_rule": [],
            "force_destroy": false,
            "grant": [],
            "hosted_zone_id": "Z3AQBSTGFYJSTF",
            "id": "labs.simonco.gold",
            "lifecycle_rule": [],
            "logging": [],
            "object_lock_configuration": [],
            "policy": null,
            "region": "us-east-1",
            "replication_configuration": [],
            "request_payer": "BucketOwner",
            "server_side_encryption_configuration": [],
            "tags": {},
            "versioning": [
              {
                "enabled": false,
                "mfa_delete": false
              }
            ],
            "website": [
              {
                "error_document": "index.html",
                "index_document": "index.html",
                "redirect_all_requests_to": "",
                "routing_rules": ""
              }
            ],
            "website_domain": "s3-website-us-east-1.amazonaws.com",
            "website_endpoint": "labs.simonco.gold.s3-website-us-east-1.amazonaws.com"
          },
          "sensitive_attributes": [],
          "private": "bnVsbA=="
        }
      ]
    },
    {
      "module": "module.lab_site",
      "mode": "managed",
      "type": "aws_s3_bucket_policy",
      "name": "public_read",
      "provider": "provider[\"registry.terraform.io/hashicorp/aws\"]",
      "instances": [
        {
          "schema_version": 0,
          "attributes": {
            "bucket": "labs.simonco.gold",
            "id": "labs.simonco.gold",
            "policy": "{\"Version\":\"2012-10-17\",\"Statement\":[{\"Sid\":\"PublicReadGetObject\",\"Effect\":\"Allow\",\"Principal\":\"*\",\"Action\":\"s3:GetObject\",\"Resource\":[\"arn:aws:s3:::labs.simonco.gold\",\"arn:aws:s3:::labs.simonco.gold/*\"]}]}"
          },
          "sensitive_attributes": [],
          "private": "bnVsbA==",
          "dependencies": [
            "module.lab_site.aws_s3_bucket.site"
          ]
        }
      ]
    },
    {
      "module": "module.lab_site",
      "mode": "managed",
      "type": "cloudflare_record",
      "name": "site_cname",
      "provider": "provider[\"registry.terraform.io/cloudflare/cloudflare\"]",
      "instances": [
        {
          "schema_version": 1,
          "attributes": {
            "created_on": "2021-04-17T10:11:02.714577Z",
            "data": {},
            "hostname": "labs.simonco.gold",
            "id": "353e7e5e4f836401e149cae151009577",
            "metadata": {
              "auto_added": "false",
              "managed_by_apps": "false",
              "managed_by_argo_tunnel": "false",
              "source": "primary"
            },
            "modified_on": "2021-04-17T10:11:02.714577Z",
            "name": "labs.simonco.gold",
            "priority": null,
            "proxiable": true,
            "proxied": true,
            "timeouts": null,
            "ttl": 1,
            "type": "CNAME",
            "value": "labs.simonco.gold.s3-website-us-east-1.amazonaws.com",
            "zone_id": "955a2c410ea7c067cc6243f4d0f63846"
          },
          "sensitive_attributes": [],
          "private": "eyJlMmJmYjczMC1lY2FhLTExZTYtOGY4OC0zNDM2M2JjN2M0YzAiOnsiY3JlYXRlIjozMDAwMDAwMDAwMCwidXBkYXRlIjozMDAwMDAwMDAwMH0sInNjaGVtYV92ZXJzaW9uIjoiMSJ9",
          "dependencies": [
            "module.lab_site.aws_s3_bucket.site",
            "module.lab_site.data.cloudflare_zones.domain"
          ]
        }
      ]
    },
    {
      "module": "module.lab_site",
      "mode": "managed",
      "type": "cloudflare_record",
      "name": "site_www_cname",
      "provider": "provider[\"registry.terraform.io/cloudflare/cloudflare\"]",
      "instances": [
        {
          "schema_version": 1,
          "attributes": {
            "created_on": "2021-04-17T11:47:58.556921Z",
            "data": null,
            "hostname": "www.labs.simonco.gold",
            "id": "51ce300ed72b70ad68ccaeb9e2de8c30",
            "metadata": {
              "auto_added": "false",
              "managed_by_apps": "false",
              "managed_by_argo_tunnel": "false",
              "source": "primary"
            },
            "modified_on": "2021-04-17T11:47:58.556921Z",
            "name": "www.labs.simonco.gold",
            "priority": null,
            "proxiable": true,
            "proxied": true,
            "timeouts": null,
            "ttl": 1,
            "type": "CNAME",
            "value": "labs.simonco.gold.s3-website-us-east-1.amazonaws.com",
            "zone_id": "955a2c410ea7c067cc6243f4d0f63846"
          },
          "sensitive_attributes": [],
          "private": "eyJlMmJmYjczMC1lY2FhLTExZTYtOGY4OC0zNDM2M2JjN2M0YzAiOnsiY3JlYXRlIjozMDAwMDAwMDAwMCwidXBkYXRlIjozMDAwMDAwMDAwMH0sInNjaGVtYV92ZXJzaW9uIjoiMSJ9",
          "dependencies": [
            "module.lab_site.aws_s3_bucket.site",
            "module.lab_site.data.cloudflare_zones.domain"
          ]
        }
      ]
    },
    {
      "module": "module.lab_sites[\"assets\"]",
      "mode": "data",
      "type": "cloudflare_zones",
      "name": "domain",
      "provider": "provider[\"registry.terraform.io/cloudflare/cloudflare\"]",
      "instances": [
        {
          "schema_version": 0,
          "attributes": {
            "filter": [
              {
                "lookup_type": "exact",
                "match": "",
                "name": "simonco.gold",
                "paused": false,
                "status": ""
              }
            ],
            "id": "4c351027f1d50f5ed63f0a52008073f6",
            "zones": [
              {
                "id": "955a2c410ea7c067cc6243f4d0f63846",
                "name": "simonco.gold"
              }
            ]
          },
          "sensitive_attributes": []
        }
      ]
    },
    {
      "module": "module.lab_sites[\"assets\"]",
      "mode": "managed",
      "type": "aws_s3_bucket",
      "name": "site",
      "provider": "provider[\"registry.terraform.io/hashicorp/aws\"]",
      "instances": [
        {
          "schema_version": 0,
          "attributes": {
            "acceleration_status": "",
            "acl": "public-read",
            "arn": "arn:aws:s3:::assets.labs.simonco.gold",
            "bucket": "assets.labs.simonco.gold",
            "bucket_domain_name": "assets.labs.simonco.gold.s3.amazonaws.com",
            "bucket_prefix": null,
            "bucket_regional_domain_name": "assets.labs.simonco.gold.s3.amazonaws.com",
            "cors_rule": [],
            "force_destroy": false,
            "grant": [],
            "hosted_zone_id": "Z3AQBSTGFYJSTF",
            "id": "assets.labs.simonco.gold",
            "lifecycle_rule": [],
            "logging": [],
            "object_lock_configuration": [],
            "policy": null,
            "region": "us-east-1",
            "replication_configuration": [],
            "request_payer": "BucketOwner",
            "server_side_encryption_configuration": [],
            "tags": {},
            "versioning": [
              {
                "enabled": false,
                "mfa_delete": false
              }
            ],
            "website": [
              {
                "error_document": "index.html",
                "index_document": "index.html",
                "redirect_all_requests_to": "",
                "routing_rules": ""
              }
            ],
            "website_domain": "s3-website-us-east-1.amazonaws.com",
            "website_endpoint": "assets.labs.simonco.gold.s3-website-us-east-1.amazonaws.com"
          },
          "sensitive_attributes": [],
          "private": "bnVsbA=="
        }
      ]
    },
    {
      "module": "module.lab_sites[\"assets\"]",
      "mode": "managed",
      "type": "aws_s3_bucket_policy",
      "name": "public_read",
      "provider": "provider[\"registry.terraform.io/hashicorp/aws\"]",
      "instances": [
        {
          "schema_version": 0,
          "attributes": {
            "bucket": "assets.labs.simonco.gold",
            "id": "assets.labs.simonco.gold",
            "policy": "{\"Version\":\"2012-10-17\",\"Statement\":[{\"Sid\":\"PublicReadGetObject\",\"Effect\":\"Allow\",\"Principal\":\"*\",\"Action\":\"s3:GetObject\",\"Resource\":[\"arn:aws:s3:::assets.labs.simonco.gold\",\"arn:aws:s3:::assets.labs.simonco.gold/*\"]}]}"
          },
          "sensitive_attributes": [],
          "private": "bnVsbA==",
          "dependencies": [
            "module.lab_sites.aws_s3_bucket.site"
          ]
        }
      ]
    },
    {
      "module": "module.lab_sites[\"assets\"]",
      "mode": "managed",
      "type": "cloudflare_record",
      "name": "site_cname",
      "provider": "provider[\"registry.terraform.io/cloudflare/cloudflare\"]",
      "instances": [
        {
          "schema_version": 1,
          "attributes": {
            "created_on": "2021-04-17T09:52:42.473068Z",
            "data": {},
            "hostname": "assets.labs.simonco.gold",
            "id": "bdb8ff14af4cd9bac32e87a57f2d34b0",
            "metadata": {
              "auto_added": "false",
              "managed_by_apps": "false",
              "managed_by_argo_tunnel": "false",
              "source": "primary"
            },
            "modified_on": "2021-04-17T09:52:42.473068Z",
            "name": "assets.labs.simonco.gold",
            "priority": null,
            "proxiable": true,
            "proxied": true,
            "timeouts": null,
            "ttl": 1,
            "type": "CNAME",
            "value": "assets.labs.simonco.gold.s3-website-us-east-1.amazonaws.com",
            "zone_id": "955a2c410ea7c067cc6243f4d0f63846"
          },
          "sensitive_attributes": [],
          "private": "eyJlMmJmYjczMC1lY2FhLTExZTYtOGY4OC0zNDM2M2JjN2M0YzAiOnsiY3JlYXRlIjozMDAwMDAwMDAwMCwidXBkYXRlIjozMDAwMDAwMDAwMH0sInNjaGVtYV92ZXJzaW9uIjoiMSJ9",
          "dependencies": [
            "module.lab_sites.aws_s3_bucket.site",
            "module.lab_sites.data.cloudflare_zones.domain"
          ]
        }
      ]
    },
    {
      "module": "module.lab_sites[\"assets\"]",
      "mode": "managed",
      "type": "cloudflare_record",
      "name": "site_www_cname",
      "provider": "provider[\"registry.terraform.io/cloudflare/cloudflare\"]",
      "instances": [
        {
          "schema_version": 1,
          "attributes": {
            "created_on": "2021-04-17T11:47:58.295442Z",
            "data": null,
            "hostname": "www.assets.labs.simonco.gold",
            "id": "ecdd341ec4eb5c2d9f5d93b75d083ede",
            "metadata": {
              "auto_added": "false",
              "managed_by_apps": "false",
              "managed_by_argo_tunnel": "false",
              "source": "primary"
            },
            "modified_on": "2021-04-17T11:47:58.295442Z",
            "name": "www.assets.labs.simonco.gold",
            "priority": null,
            "proxiable": true,
            "proxied": true,
            "timeouts": null,
            "ttl": 1,
            "type": "CNAME",
            "value": "assets.labs.simonco.gold.s3-website-us-east-1.amazonaws.com",
            "zone_id": "955a2c410ea7c067cc6243f4d0f63846"
          },
          "sensitive_attributes": [],
          "private": "eyJlMmJmYjczMC1lY2FhLTExZTYtOGY4OC0zNDM2M2JjN2M0YzAiOnsiY3JlYXRlIjozMDAwMDAwMDAwMCwidXBkYXRlIjozMDAwMDAwMDAwMH0sInNjaGVtYV92ZXJzaW9uIjoiMSJ9",
          "dependencies": [
            "module.lab_sites.aws_s3_bucket.site",
            "module.lab_sites.data.cloudflare_zones.domain"
          ]
        }
      ]
    },
    {
      "module": "module.lab_sites[\"media\"]",
      "mode": "data",
      "type": "cloudflare_zones",
      "name": "domain",
      "provider": "provider[\"registry.terraform.io/cloudflare/cloudflare\"]",
      "instances": [
        {
          "schema_version": 0,
          "attributes": {
            "filter": [
              {
                "lookup_type": "exact",
                "match": "",
                "name": "simonco.gold",
                "paused": false,
                "status": ""
              }
            ],
            "id": "4c351027f1d50f5ed63f0a52008073f6",
            "zones": [
              {
                "id": "955a2c410ea7c067cc6243f4d0f63846",
                "name": "simonco.gold"
              }
            ]
          },
          "sensitive_attributes": []
        }
      ]
    },
    {
      "module": "module.lab_sites[\"media\"]",
      "mode": "managed",
      "type": "aws_s3_bucket",
      "name": "site",
      "provider": "provider[\"registry.terraform.io/hashicorp/aws\"]",
      "instances": [
        {
          "schema_version": 0,
          "attributes": {
            "acceleration_status": "",
            "acl": "public-read",
            "arn": "arn:aws:s3:::media.labs.simonco.gold",
            "bucket": "media.labs.simonco.gold",
            "bucket_domain_name": "media.labs.simonco.gold.s3.amazonaws.com",
            "bucket_prefix": null,
            "bucket_regional_domain_name": "media.labs.simonco.gold.s3.amazonaws.com",
            "cors_rule": [],
            "force_destroy": false,
            "grant": [],
            "hosted_zone_id": "Z3AQBSTGFYJSTF",
            "id": "media.labs.simonco.gold",
            "lifecycle_rule": [],
            "logging": [],
            "object_lock_configuration": [],
            "policy": null,
            "region": "us-east-1",
            "replication_configuration": [],
            "request_payer": "BucketOwner",
            "server_side_encryption_configuration": [],
            "tags": {},
            "versioning": [
              {
                "enabled": false,
                "mfa_delete": false
              }
            ],
            "website": [
              {
                "error_document": "index.html",
                "index_document": "index.html",
                "redirect_all_requests_to": "",
                "routing_rules": ""
              }
            ],
            "website_domain": "s3-website-us-east-1.amazonaws.com",
            "website_endpoint": "media.labs.simonco.gold.s3-website-us-east-1.amazonaws.com"
          },
          "sensitive_attributes": [],
          "private": "bnVsbA=="
        }
      ]
    },
    {
      "module": "module.lab_sites[\"media\"]",
      "mode": "managed",
      "type": "aws_s3_bucket_policy",
      "name": "public_read",
      "provider": "provider[\"registry.terraform.io/hashicorp/aws\"]",
      "instances": [
        {
          "schema_version": 0,
          "attributes": {
            "bucket": "media.labs.simonco.gold",
            "id": "media.labs.simonco.gold",
            "policy": "{\"Version\":\"2012-10-17\",\"Statement\":[{\"Sid\":\"PublicReadGetObject\",\"Effect\":\"Allow\",\"Principal\":\"*\",\"Action\":\"s3:GetObject\",\"Resource\":[\"arn:aws:s3:::media.labs.simonco.gold\",\"arn:aws:s3:::media.labs.simonco.gold/*\"]}]}"
          },
          "sensitive_attributes": [],
          "private": "bnVsbA==",
          "dependencies": [
            "module.lab_sites.aws_s3_bucket.site"
          ]
        }
      ]
    },
    {
      "module": "module.lab_sites[\"media\"]",
      "mode": "managed",
      "type": "cloudflare_record",
      "name": "site_cname",
      "provider": "provider[\"registry.terraform.io/cloudflare/cloudflare\"]",
      "instances": [
        {
          "schema_version": 1,
          "attributes": {
            "created_on": "2021-04-17T09:52:42.756012Z",
            "data": {},
            "hostname": "media.labs.simonco.gold",
            "id": "fb578c95c7d2132e2779a7967a748041",
            "metadata": {
              "auto_added": "false",
              "managed_by_apps": "false",
              "managed_by_argo_tunnel": "false",
              "source": "primary"
            },
            "modified_on": "2021-04-17T09:52:42.756012Z",
            "name": "media.labs.simonco.gold",
            "priority": null,
            "proxiable": true,
            "proxied": true,
            "timeouts": null,
            "ttl": 1,
            "type": "CNAME",
            "value": "media.labs.simonco.gold.s3-website-us-east-1.amazonaws.com",
            "zone_id": "955a2c410ea7c067cc6243f4d0f63846"
          },
          "sensitive_attributes": [],
          "private": "eyJlMmJmYjczMC1lY2FhLTExZTYtOGY4OC0zNDM2M2JjN2M0YzAiOnsiY3JlYXRlIjozMDAwMDAwMDAwMCwidXBkYXRlIjozMDAwMDAwMDAwMH0sInNjaGVtYV92ZXJzaW9uIjoiMSJ9",
          "dependencies": [
            "module.lab_sites.aws_s3_bucket.site",
            "module.lab_sites.data.cloudflare_zones.domain"
          ]
        }
      ]
    },
    {
      "module": "module.lab_sites[\"media\"]",
      "mode": "managed",
      "type": "cloudflare_record",
      "name": "site_www_cname",
      "provider": "provider[\"registry.terraform.io/cloudflare/cloudflare\"]",
      "instances": [
        {
          "schema_version": 1,
          "attributes": {
            "created_on": "2021-04-17T11:47:58.857228Z",
            "data": null,
            "hostname": "www.media.labs.simonco.gold",
            "id": "1e00e8fec08d1abe553a034a9ee9f3da",
            "metadata": {
              "auto_added": "false",
              "managed_by_apps": "false",
              "managed_by_argo_tunnel": "false",
              "source": "primary"
            },
            "modified_on": "2021-04-17T11:47:58.857228Z",
            "name": "www.media.labs.simonco.gold",
            "priority": null,
            "proxiable": true,
            "proxied": true,
            "timeouts": null,
            "ttl": 1,
            "type": "CNAME",
            "value": "media.labs.simonco.gold.s3-website-us-east-1.amazonaws.com",
            "zone_id": "955a2c410ea7c067cc6243f4d0f63846"
          },
          "sensitive_attributes": [],
          "private": "eyJlMmJmYjczMC1lY2FhLTExZTYtOGY4OC0zNDM2M2JjN2M0YzAiOnsiY3JlYXRlIjozMDAwMDAwMDAwMCwidXBkYXRlIjozMDAwMDAwMDAwMH0sInNjaGVtYV92ZXJzaW9uIjoiMSJ9",
          "dependencies": [
            "module.lab_sites.aws_s3_bucket.site",
            "module.lab_sites.data.cloudflare_zones.domain"
          ]
        }
      ]
    },
    {
      "module": "module.main_site",
      "mode": "data",
      "type": "cloudflare_zones",
      "name": "domain",
      "provider": "provider[\"registry.terraform.io/cloudflare/cloudflare\"]",
      "instances": [
        {
          "schema_version": 0,
          "attributes": {
            "filter": [
              {
                "lookup_type": "exact",
                "match": "",
                "name": "simonco.gold",
                "paused": false,
                "status": ""
              }
            ],
            "id": "4c351027f1d50f5ed63f0a52008073f6",
            "zones": [
              {
                "id": "955a2c410ea7c067cc6243f4d0f63846",
                "name": "simonco.gold"
              }
            ]
          },
          "sensitive_attributes": []
        }
      ]
    },
    {
      "module": "module.main_site",
      "mode": "managed",
      "type": "aws_s3_bucket",
      "name": "site",
      "provider": "provider[\"registry.terraform.io/hashicorp/aws\"]",
      "instances": [
        {
          "schema_version": 0,
          "attributes": {
            "acceleration_status": "",
            "acl": "public-read",
            "arn": "arn:aws:s3:::simonco.gold",
            "bucket": "simonco.gold",
            "bucket_domain_name": "simonco.gold.s3.amazonaws.com",
            "bucket_prefix": null,
            "bucket_regional_domain_name": "simonco.gold.s3.amazonaws.com",
            "cors_rule": [],
            "force_destroy": false,
            "grant": [],
            "hosted_zone_id": "Z3AQBSTGFYJSTF",
            "id": "simonco.gold",
            "lifecycle_rule": [],
            "logging": [],
            "object_lock_configuration": [],
            "policy": null,
            "region": "us-east-1",
            "replication_configuration": [],
            "request_payer": "BucketOwner",
            "server_side_encryption_configuration": [],
            "tags": {},
            "versioning": [
              {
                "enabled": false,
                "mfa_delete": false
              }
            ],
            "website": [
              {
                "error_document": "index.html",
                "index_document": "index.html",
                "redirect_all_requests_to": "",
                "routing_rules": ""
              }
            ],
            "website_domain": "s3-website-us-east-1.amazonaws.com",
            "website_endpoint": "simonco.gold.s3-website-us-east-1.amazonaws.com"
          },
          "sensitive_attributes": [],
          "private": "bnVsbA=="
        }
      ]
    },
    {
      "module": "module.main_site",
      "mode": "managed",
      "type": "aws_s3_bucket_policy",
      "name": "public_read",
      "provider": "provider[\"registry.terraform.io/hashicorp/aws\"]",
      "instances": [
        {
          "schema_version": 0,
          "attributes": {
            "bucket": "simonco.gold",
            "id": "simonco.gold",
            "policy": "{\"Version\":\"2012-10-17\",\"Statement\":[{\"Sid\":\"PublicReadGetObject\",\"Effect\":\"Allow\",\"Principal\":\"*\",\"Action\":\"s3:GetObject\",\"Resource\":[\"arn:aws:s3:::simonco.gold\",\"arn:aws:s3:::simonco.gold/*\"]}]}"
          },
          "sensitive_attributes": [],
          "private": "bnVsbA==",
          "dependencies": [
            "module.main_site.aws_s3_bucket.site"
          ]
        }
      ]
    },
    {
      "module": "module.main_site",
      "mode": "managed",
      "type": "cloudflare_record",
      "name": "site_cname",
      "provider": "provider[\"registry.terraform.io/cloudflare/cloudflare\"]",
      "instances": [
        {
          "schema_version": 1,
          "attributes": {
            "created_on": "2021-04-17T09:52:42.28166Z",
            "data": {},
            "hostname": "simonco.gold",
            "id": "d8dee6dc522df19d88f6ca987e3ac77e",
            "metadata": {
              "auto_added": "false",
              "managed_by_apps": "false",
              "managed_by_argo_tunnel": "false",
              "source": "primary"
            },
            "modified_on": "2021-04-17T09:52:42.28166Z",
            "name": "simonco.gold",
            "priority": null,
            "proxiable": true,
            "proxied": true,
            "timeouts": null,
            "ttl": 1,
            "type": "CNAME",
            "value": "simonco.gold.s3-website-us-east-1.amazonaws.com",
            "zone_id": "955a2c410ea7c067cc6243f4d0f63846"
          },
          "sensitive_attributes": [],
          "private": "eyJlMmJmYjczMC1lY2FhLTExZTYtOGY4OC0zNDM2M2JjN2M0YzAiOnsiY3JlYXRlIjozMDAwMDAwMDAwMCwidXBkYXRlIjozMDAwMDAwMDAwMH0sInNjaGVtYV92ZXJzaW9uIjoiMSJ9",
          "dependencies": [
            "module.main_site.aws_s3_bucket.site",
            "module.main_site.data.cloudflare_zones.domain"
          ]
        }
      ]
    },
    {
      "module": "module.main_site",
      "mode": "managed",
      "type": "cloudflare_record",
      "name": "site_www_cname",
      "provider": "provider[\"registry.terraform.io/cloudflare/cloudflare\"]",
      "instances": [
        {
          "schema_version": 1,
          "attributes": {
            "created_on": "2021-04-17T11:47:57.995847Z",
            "data": null,
            "hostname": "www.simonco.gold",
            "id": "01c7177bd8ad982cf8f2133770a294eb",
            "metadata": {
              "auto_added": "false",
              "managed_by_apps": "false",
              "managed_by_argo_tunnel": "false",
              "source": "primary"
            },
            "modified_on": "2021-04-17T11:47:57.995847Z",
            "name": "www.simonco.gold",
            "priority": null,
            "proxiable": true,
            "proxied": true,
            "timeouts": null,
            "ttl": 1,
            "type": "CNAME",
            "value": "simonco.gold.s3-website-us-east-1.amazonaws.com",
            "zone_id": "955a2c410ea7c067cc6243f4d0f63846"
          },
          "sensitive_attributes": [],
          "private": "eyJlMmJmYjczMC1lY2FhLTExZTYtOGY4OC0zNDM2M2JjN2M0YzAiOnsiY3JlYXRlIjozMDAwMDAwMDAwMCwidXBkYXRlIjozMDAwMDAwMDAwMH0sInNjaGVtYV92ZXJzaW9uIjoiMSJ9",
          "dependencies": [
            "module.main_site.aws_s3_bucket.site",
            "module.main_site.data.cloudflare_zones.domain"
          ]
        }
      ]
    }
  ]
}
