{
  "version": 4,
  "terraform_version": "0.15.0",
  "serial": 18,
  "lineage": "d02039d9-c27e-4e19-37ad-e136ccd2a191",
  "outputs": {
    "bucket_endpoint": {
      "value": "simonco.gold.s3-website-us-east-1.amazonaws.com",
      "type": "string"
    },
    "domain_name": {
      "value": "simonco.gold",
      "type": "string"
    },
    "website_bucket_name": {
      "value": "simonco.gold",
      "type": "string"
    }
  },
  "resources": [
    {
      "mode": "data",
      "type": "cloudflare_zones",
      "name": "domain",
      "provider": "provider[\"registry.terraform.io/cloudflare/cloudflare\"]",
      "instances": [
        {
          "schema_version": 0,
          "attributes": {
            "filter": [
              {
                "lookup_type": "exact",
                "match": "",
                "name": "simonco.gold",
                "paused": false,
                "status": ""
              }
            ],
            "id": "4c351027f1d50f5ed63f0a52008073f6",
            "zones": [
              {
                "id": "955a2c410ea7c067cc6243f4d0f63846",
                "name": "simonco.gold"
              }
            ]
          },
          "sensitive_attributes": []
        }
      ]
    },
    {
      "mode": "managed",
      "type": "aws_s3_bucket",
      "name": "site",
      "provider": "provider[\"registry.terraform.io/hashicorp/aws\"]",
      "instances": [
        {
          "schema_version": 0,
          "attributes": {
            "acceleration_status": "",
            "acl": "public-read",
            "arn": "arn:aws:s3:::simonco.gold",
            "bucket": "simonco.gold",
            "bucket_domain_name": "simonco.gold.s3.amazonaws.com",
            "bucket_prefix": null,
            "bucket_regional_domain_name": "simonco.gold.s3.amazonaws.com",
            "cors_rule": [],
            "force_destroy": false,
            "grant": [],
            "hosted_zone_id": "Z3AQBSTGFYJSTF",
            "id": "simonco.gold",
            "lifecycle_rule": [],
            "logging": [],
            "object_lock_configuration": [],
            "policy": null,
            "region": "us-east-1",
            "replication_configuration": [],
            "request_payer": "BucketOwner",
            "server_side_encryption_configuration": [],
            "tags": {},
            "versioning": [
              {
                "enabled": false,
                "mfa_delete": false
              }
            ],
            "website": [
              {
                "error_document": "index.html",
                "index_document": "index.html",
                "redirect_all_requests_to": "",
                "routing_rules": ""
              }
            ],
            "website_domain": "s3-website-us-east-1.amazonaws.com",
            "website_endpoint": "simonco.gold.s3-website-us-east-1.amazonaws.com"
          },
          "sensitive_attributes": [],
          "private": "bnVsbA=="
        }
      ]
    },
    {
      "mode": "managed",
      "type": "aws_s3_bucket",
      "name": "www",
      "provider": "provider[\"registry.terraform.io/hashicorp/aws\"]",
      "instances": [
        {
          "schema_version": 0,
          "attributes": {
            "acceleration_status": "",
            "acl": "private",
            "arn": "arn:aws:s3:::www.simonco.gold",
            "bucket": "www.simonco.gold",
            "bucket_domain_name": "www.simonco.gold.s3.amazonaws.com",
            "bucket_prefix": null,
            "bucket_regional_domain_name": "www.simonco.gold.s3.amazonaws.com",
            "cors_rule": [],
            "force_destroy": false,
            "grant": [],
            "hosted_zone_id": "Z3AQBSTGFYJSTF",
            "id": "www.simonco.gold",
            "lifecycle_rule": [],
            "logging": [],
            "object_lock_configuration": [],
            "policy": "",
            "region": "us-east-1",
            "replication_configuration": [],
            "request_payer": "BucketOwner",
            "server_side_encryption_configuration": [],
            "tags": {},
            "versioning": [
              {
                "enabled": false,
                "mfa_delete": false
              }
            ],
            "website": [
              {
                "error_document": "",
                "index_document": "",
                "redirect_all_requests_to": "https://simonco.gold",
                "routing_rules": ""
              }
            ],
            "website_domain": "s3-website-us-east-1.amazonaws.com",
            "website_endpoint": "www.simonco.gold.s3-website-us-east-1.amazonaws.com"
          },
          "sensitive_attributes": [],
          "private": "bnVsbA=="
        }
      ]
    },
    {
      "mode": "managed",
      "type": "aws_s3_bucket_policy",
      "name": "public_read",
      "provider": "provider[\"registry.terraform.io/hashicorp/aws\"]",
      "instances": [
        {
          "schema_version": 0,
          "attributes": {
            "bucket": "simonco.gold",
            "id": "simonco.gold",
            "policy": "{\"Version\":\"2012-10-17\",\"Statement\":[{\"Sid\":\"PublicReadGetObject\",\"Effect\":\"Allow\",\"Principal\":\"*\",\"Action\":\"s3:GetObject\",\"Resource\":[\"arn:aws:s3:::simonco.gold\",\"arn:aws:s3:::simonco.gold/*\"]}]}"
          },
          "sensitive_attributes": [],
          "private": "bnVsbA==",
          "dependencies": [
            "aws_s3_bucket.site"
          ]
        }
      ]
    },
    {
      "mode": "managed",
      "type": "cloudflare_record",
      "name": "ghost_address",
      "provider": "provider[\"registry.terraform.io/cloudflare/cloudflare\"]",
      "instances": [
        {
          "schema_version": 1,
          "attributes": {
            "created_on": "2021-04-17T09:13:37.62513Z",
            "data": {},
            "hostname": "ghost.simonco.gold",
            "id": "ae9eed6751cd25cac84f155deb5d55e1",
            "metadata": {
              "auto_added": "false",
              "managed_by_apps": "false",
              "managed_by_argo_tunnel": "false",
              "source": "primary"
            },
            "modified_on": "2021-04-17T09:13:37.62513Z",
            "name": "ghost",
            "priority": null,
            "proxiable": true,
            "proxied": false,
            "timeouts": null,
            "ttl": 3600,
            "type": "A",
            "value": "116.202.234.197",
            "zone_id": "955a2c410ea7c067cc6243f4d0f63846"
          },
          "sensitive_attributes": [],
          "private": "eyJlMmJmYjczMC1lY2FhLTExZTYtOGY4OC0zNDM2M2JjN2M0YzAiOnsiY3JlYXRlIjozMDAwMDAwMDAwMCwidXBkYXRlIjozMDAwMDAwMDAwMH0sInNjaGVtYV92ZXJzaW9uIjoiMSJ9",
          "dependencies": [
            "data.cloudflare_zones.domain"
          ]
        }
      ]
    },
    {
      "mode": "managed",
      "type": "cloudflare_record",
      "name": "google_ownership",
      "provider": "provider[\"registry.terraform.io/cloudflare/cloudflare\"]",
      "instances": [
        {
          "schema_version": 1,
          "attributes": {
            "created_on": "2021-04-17T09:13:37.145895Z",
            "data": {},
            "hostname": "simse.io.simonco.gold",
            "id": "88ebf40ef6a1cf37de1c0902e08dd4db",
            "metadata": {
              "auto_added": "false",
              "managed_by_apps": "false",
              "managed_by_argo_tunnel": "false",
              "source": "primary"
            },
            "modified_on": "2021-04-17T09:13:37.145895Z",
            "name": "simse.io",
            "priority": null,
            "proxiable": false,
            "proxied": false,
            "timeouts": null,
            "ttl": 3600,
            "type": "TXT",
            "value": "google-site-verification=a4GWEe3RrWowXPam8oJq51UFVx_-RcJRcf0q8xDaSyg",
            "zone_id": "955a2c410ea7c067cc6243f4d0f63846"
          },
          "sensitive_attributes": [],
          "private": "eyJlMmJmYjczMC1lY2FhLTExZTYtOGY4OC0zNDM2M2JjN2M0YzAiOnsiY3JlYXRlIjozMDAwMDAwMDAwMCwidXBkYXRlIjozMDAwMDAwMDAwMH0sInNjaGVtYV92ZXJzaW9uIjoiMSJ9",
          "dependencies": [
            "data.cloudflare_zones.domain"
          ]
        }
      ]
    },
    {
      "mode": "managed",
      "type": "cloudflare_record",
      "name": "site_cname",
      "provider": "provider[\"registry.terraform.io/cloudflare/cloudflare\"]",
      "instances": [
        {
          "schema_version": 1,
          "attributes": {
            "created_on": "2021-04-16T20:37:26.973843Z",
            "data": {},
            "hostname": "simonco.gold",
            "id": "c8c78babb3a18b1b7078f6d8c4a50408",
            "metadata": {
              "auto_added": "false",
              "managed_by_apps": "false",
              "managed_by_argo_tunnel": "false",
              "source": "primary"
            },
            "modified_on": "2021-04-16T20:37:26.973843Z",
            "name": "simonco.gold",
            "priority": null,
            "proxiable": true,
            "proxied": true,
            "timeouts": null,
            "ttl": 1,
            "type": "CNAME",
            "value": "simonco.gold.s3-website-us-east-1.amazonaws.com",
            "zone_id": "955a2c410ea7c067cc6243f4d0f63846"
          },
          "sensitive_attributes": [],
          "private": "eyJlMmJmYjczMC1lY2FhLTExZTYtOGY4OC0zNDM2M2JjN2M0YzAiOnsiY3JlYXRlIjozMDAwMDAwMDAwMCwidXBkYXRlIjozMDAwMDAwMDAwMH0sInNjaGVtYV92ZXJzaW9uIjoiMSJ9",
          "dependencies": [
            "aws_s3_bucket.site",
            "data.cloudflare_zones.domain"
          ]
        }
      ]
    },
    {
      "mode": "managed",
      "type": "cloudflare_record",
      "name": "www",
      "provider": "provider[\"registry.terraform.io/cloudflare/cloudflare\"]",
      "instances": [
        {
          "schema_version": 1,
          "attributes": {
            "created_on": "2021-04-16T20:37:19.289675Z",
            "data": {},
            "hostname": "www.simonco.gold",
            "id": "e79a1c33ad3b2c71350935dc4cf6b2f6",
            "metadata": {
              "auto_added": "false",
              "managed_by_apps": "false",
              "managed_by_argo_tunnel": "false",
              "source": "primary"
            },
            "modified_on": "2021-04-16T20:37:19.289675Z",
            "name": "www",
            "priority": null,
            "proxiable": true,
            "proxied": true,
            "timeouts": null,
            "ttl": 1,
            "type": "CNAME",
            "value": "simonco.gold",
            "zone_id": "955a2c410ea7c067cc6243f4d0f63846"
          },
          "sensitive_attributes": [],
          "private": "eyJlMmJmYjczMC1lY2FhLTExZTYtOGY4OC0zNDM2M2JjN2M0YzAiOnsiY3JlYXRlIjozMDAwMDAwMDAwMCwidXBkYXRlIjozMDAwMDAwMDAwMH0sInNjaGVtYV92ZXJzaW9uIjoiMSJ9",
          "dependencies": [
            "data.cloudflare_zones.domain"
          ]
        }
      ]
    },
    {
      "mode": "managed",
      "type": "cloudflare_zone_settings_override",
      "name": "cloudflare_settings",
      "provider": "provider[\"registry.terraform.io/cloudflare/cloudflare\"]",
      "instances": [
        {
          "schema_version": 0,
          "attributes": {
            "id": "955a2c410ea7c067cc6243f4d0f63846",
            "initial_settings": [
              {
                "always_online": "on",
                "always_use_https": "off",
                "automatic_https_rewrites": "on",
                "brotli": "on",
                "browser_cache_ttl": 14400,
                "browser_check": "on",
                "cache_level": "aggressive",
                "challenge_ttl": 1800,
                "cname_flattening": "flatten_at_root",
                "development_mode": "off",
                "email_obfuscation": "on",
                "h2_prioritization": "off",
                "hotlink_protection": "off",
                "http2": "on",
                "http3": "on",
                "image_resizing": "off",
                "ip_geolocation": "on",
                "ipv6": "on",
                "max_upload": 100,
                "min_tls_version": "1.0",
                "minify": [
                  {
                    "css": "off",
                    "html": "off",
                    "js": "off"
                  }
                ],
                "mirage": "off",
                "mobile_redirect": [
                  {
                    "mobile_subdomain": "",
                    "status": "off",
                    "strip_uri": false
                  }
                ],
                "opportunistic_encryption": "on",
                "opportunistic_onion": "on",
                "origin_error_page_pass_thru": "off",
                "polish": "off",
                "prefetch_preload": "off",
                "privacy_pass": "on",
                "pseudo_ipv4": "off",
                "response_buffering": "off",
                "rocket_loader": "off",
                "security_header": [
                  {
                    "enabled": false,
                    "include_subdomains": false,
                    "max_age": 0,
                    "nosniff": false,
                    "preload": false
                  }
                ],
                "security_level": "medium",
                "server_side_exclude": "on",
                "sort_query_string_for_cache": "off",
                "ssl": "flexible",
                "tls_1_2_only": "off",
                "tls_1_3": "on",
                "tls_client_auth": "off",
                "true_client_ip_header": "off",
                "universal_ssl": "",
                "waf": "off",
                "webp": "off",
                "websockets": "on",
                "zero_rtt": "off"
              }
            ],
            "initial_settings_read_at": "2021-04-17T09:20:05.179041235Z",
            "readonly_settings": [
              "advanced_ddos",
              "cname_flattening",
              "http2",
              "mirage",
              "origin_error_page_pass_thru",
              "polish",
              "prefetch_preload",
              "response_buffering",
              "sort_query_string_for_cache",
              "true_client_ip_header",
              "webp",
              "binary_ast",
              "image_resizing"
            ],
            "settings": [
              {
                "always_online": "off",
                "always_use_https": "on",
                "automatic_https_rewrites": "",
                "brotli": "on",
                "browser_cache_ttl": 0,
                "browser_check": "",
                "cache_level": "",
                "challenge_ttl": 0,
                "cname_flattening": "",
                "development_mode": "",
                "email_obfuscation": "",
                "h2_prioritization": "",
                "hotlink_protection": "",
                "http2": "",
                "http3": "",
                "image_resizing": "",
                "ip_geolocation": "",
                "ipv6": "",
                "max_upload": 0,
                "min_tls_version": "",
                "minify": [
                  {
                    "css": "off",
                    "html": "off",
                    "js": "off"
                  }
                ],
                "mirage": "",
                "mobile_redirect": [],
                "opportunistic_encryption": "",
                "opportunistic_onion": "",
                "origin_error_page_pass_thru": "",
                "polish": "",
                "prefetch_preload": "",
                "privacy_pass": "",
                "pseudo_ipv4": "",
                "response_buffering": "",
                "rocket_loader": "",
                "security_header": [
                  {
                    "enabled": true,
                    "include_subdomains": false,
                    "max_age": 0,
                    "nosniff": false,
                    "preload": false
                  }
                ],
                "security_level": "",
                "server_side_exclude": "",
                "sort_query_string_for_cache": "",
                "ssl": "",
                "tls_1_2_only": "",
                "tls_1_3": "",
                "tls_client_auth": "",
                "true_client_ip_header": "",
                "universal_ssl": "",
                "waf": "",
                "webp": "",
                "websockets": "",
                "zero_rtt": ""
              }
            ],
            "zone_id": "955a2c410ea7c067cc6243f4d0f63846",
            "zone_status": null,
            "zone_type": null
          },
          "sensitive_attributes": [],
          "private": "bnVsbA==",
          "dependencies": [
            "data.cloudflare_zones.domain"
          ]
        }
      ]
    },
    {
      "mode": "managed",
      "type": "cloudflare_zone_settings_override",
      "name": "test",
      "provider": "provider[\"registry.terraform.io/cloudflare/cloudflare\"]",
      "instances": [
        {
          "schema_version": 0,
          "attributes": {
            "id": "955a2c410ea7c067cc6243f4d0f63846",
            "initial_settings": null,
            "initial_settings_read_at": null,
            "readonly_settings": [
              "advanced_ddos",
              "cname_flattening",
              "http2",
              "mirage",
              "origin_error_page_pass_thru",
              "polish",
              "prefetch_preload",
              "response_buffering",
              "sort_query_string_for_cache",
              "true_client_ip_header",
              "webp",
              "binary_ast",
              "image_resizing"
            ],
            "settings": [
              {
                "always_online": "on",
                "always_use_https": "off",
                "automatic_https_rewrites": "on",
                "brotli": "on",
                "browser_cache_ttl": 14400,
                "browser_check": "on",
                "cache_level": "aggressive",
                "challenge_ttl": 1800,
                "cname_flattening": "flatten_at_root",
                "development_mode": "off",
                "email_obfuscation": "on",
                "h2_prioritization": "off",
                "hotlink_protection": "off",
                "http2": "on",
                "http3": "on",
                "image_resizing": "off",
                "ip_geolocation": "on",
                "ipv6": "on",
                "max_upload": 100,
                "min_tls_version": "1.0",
                "minify": [
                  {
                    "css": "off",
                    "html": "off",
                    "js": "off"
                  }
                ],
                "mirage": "off",
                "mobile_redirect": [
                  {
                    "mobile_subdomain": "",
                    "status": "off",
                    "strip_uri": false
                  }
                ],
                "opportunistic_encryption": "on",
                "opportunistic_onion": "on",
                "origin_error_page_pass_thru": "off",
                "polish": "off",
                "prefetch_preload": "off",
                "privacy_pass": "on",
                "pseudo_ipv4": "off",
                "response_buffering": "off",
                "rocket_loader": "off",
                "security_header": [
                  {
                    "enabled": false,
                    "include_subdomains": false,
                    "max_age": 0,
                    "nosniff": false,
                    "preload": false
                  }
                ],
                "security_level": "medium",
                "server_side_exclude": "on",
                "sort_query_string_for_cache": "off",
                "ssl": "flexible",
                "tls_1_2_only": "off",
                "tls_1_3": "on",
                "tls_client_auth": "off",
                "true_client_ip_header": "off",
                "universal_ssl": "",
                "waf": "off",
                "webp": "",
                "websockets": "on",
                "zero_rtt": "off"
              }
            ],
            "zone_id": "955a2c410ea7c067cc6243f4d0f63846",
            "zone_status": null,
            "zone_type": null
          },
          "sensitive_attributes": [],
          "private": "bnVsbA==",
          "dependencies": [
            "data.cloudflare_zones.domain"
          ]
        }
      ]
    }
  ]
}
