{
  "version": 4,
  "terraform_version": "0.15.0",
  "serial": 31,
  "lineage": "659ed30d-9072-f84c-eeac-e74a7c7bfbba",
  "outputs": {
    "domain_name": {
      "value": "simonco.gold",
      "type": "string"
    }
  },
  "resources": [
    {
      "mode": "data",
      "type": "cloudflare_zones",
      "name": "domain",
      "provider": "provider[\"registry.terraform.io/cloudflare/cloudflare\"]",
      "instances": [
        {
          "schema_version": 0,
          "attributes": {
            "filter": [
              {
                "lookup_type": "exact",
                "match": "",
                "name": "simonco.gold",
                "paused": false,
                "status": ""
              }
            ],
            "id": "4c351027f1d50f5ed63f0a52008073f6",
            "zones": [
              {
                "id": "955a2c410ea7c067cc6243f4d0f63846",
                "name": "simonco.gold"
              }
            ]
          },
          "sensitive_attributes": []
        }
      ]
    },
    {
      "mode": "managed",
      "type": "cloudflare_zone_settings_override",
      "name": "simse",
      "provider": "provider[\"registry.terraform.io/cloudflare/cloudflare\"]",
      "instances": [
        {
          "schema_version": 0,
          "attributes": {
            "id": "955a2c410ea7c067cc6243f4d0f63846",
            "initial_settings": [
              {
                "always_online": "off",
                "always_use_https": "on",
                "automatic_https_rewrites": "on",
                "brotli": "on",
                "browser_cache_ttl": 14400,
                "browser_check": "on",
                "cache_level": "aggressive",
                "challenge_ttl": 1800,
                "cname_flattening": "flatten_at_root",
                "development_mode": "off",
                "email_obfuscation": "on",
                "h2_prioritization": "off",
                "hotlink_protection": "off",
                "http2": "on",
                "http3": "on",
                "image_resizing": "off",
                "ip_geolocation": "on",
                "ipv6": "on",
                "max_upload": 100,
                "min_tls_version": "1.0",
                "minify": [
                  {
                    "css": "off",
                    "html": "off",
                    "js": "off"
                  }
                ],
                "mirage": "off",
                "mobile_redirect": [
                  {
                    "mobile_subdomain": "",
                    "status": "off",
                    "strip_uri": false
                  }
                ],
                "opportunistic_encryption": "on",
                "opportunistic_onion": "on",
                "origin_error_page_pass_thru": "off",
                "polish": "off",
                "prefetch_preload": "off",
                "privacy_pass": "on",
                "pseudo_ipv4": "off",
                "response_buffering": "off",
                "rocket_loader": "off",
                "security_header": [
                  {
                    "enabled": true,
                    "include_subdomains": false,
                    "max_age": 0,
                    "nosniff": false,
                    "preload": false
                  }
                ],
                "security_level": "medium",
                "server_side_exclude": "on",
                "sort_query_string_for_cache": "off",
                "ssl": "flexible",
                "tls_1_2_only": "off",
                "tls_1_3": "on",
                "tls_client_auth": "off",
                "true_client_ip_header": "off",
                "universal_ssl": "",
                "waf": "off",
                "webp": "off",
                "websockets": "on",
                "zero_rtt": "off"
              }
            ],
            "initial_settings_read_at": "2021-04-18T10:26:49.06874411Z",
            "readonly_settings": [
              "advanced_ddos",
              "cname_flattening",
              "http2",
              "mirage",
              "origin_error_page_pass_thru",
              "polish",
              "prefetch_preload",
              "response_buffering",
              "sort_query_string_for_cache",
              "true_client_ip_header",
              "webp",
              "binary_ast",
              "image_resizing"
            ],
            "settings": [
              {
                "always_online": "off",
                "always_use_https": "on",
                "automatic_https_rewrites": "",
                "brotli": "on",
                "browser_cache_ttl": 0,
                "browser_check": "",
                "cache_level": "",
                "challenge_ttl": 0,
                "cname_flattening": "",
                "development_mode": "",
                "email_obfuscation": "",
                "h2_prioritization": "",
                "hotlink_protection": "",
                "http2": "",
                "http3": "",
                "image_resizing": "",
                "ip_geolocation": "",
                "ipv6": "",
                "max_upload": 0,
                "min_tls_version": "",
                "minify": [
                  {
                    "css": "off",
                    "html": "off",
                    "js": "off"
                  }
                ],
                "mirage": "",
                "mobile_redirect": [],
                "opportunistic_encryption": "",
                "opportunistic_onion": "",
                "origin_error_page_pass_thru": "",
                "polish": "",
                "prefetch_preload": "",
                "privacy_pass": "",
                "pseudo_ipv4": "",
                "response_buffering": "",
                "rocket_loader": "",
                "security_header": [
                  {
                    "enabled": true,
                    "include_subdomains": false,
                    "max_age": 0,
                    "nosniff": false,
                    "preload": false
                  }
                ],
                "security_level": "",
                "server_side_exclude": "",
                "sort_query_string_for_cache": "",
                "ssl": "",
                "tls_1_2_only": "",
                "tls_1_3": "",
                "tls_client_auth": "",
                "true_client_ip_header": "",
                "universal_ssl": "",
                "waf": "",
                "webp": "",
                "websockets": "",
                "zero_rtt": ""
              }
            ],
            "zone_id": "955a2c410ea7c067cc6243f4d0f63846",
            "zone_status": null,
            "zone_type": null
          },
          "sensitive_attributes": [],
          "private": "bnVsbA==",
          "dependencies": [
            "data.cloudflare_zones.domain"
          ]
        }
      ]
    },
    {
      "module": "module.lab_site",
      "mode": "data",
      "type": "cloudflare_zones",
      "name": "domain",
      "provider": "provider[\"registry.terraform.io/cloudflare/cloudflare\"]",
      "instances": [
        {
          "schema_version": 0,
          "attributes": {
            "filter": [
              {
                "lookup_type": "exact",
                "match": "",
                "name": "simonco.gold",
                "paused": false,
                "status": ""
              }
            ],
            "id": "4c351027f1d50f5ed63f0a52008073f6",
            "zones": [
              {
                "id": "955a2c410ea7c067cc6243f4d0f63846",
                "name": "simonco.gold"
              }
            ]
          },
          "sensitive_attributes": []
        }
      ]
    },
    {
      "module": "module.lab_site",
      "mode": "managed",
      "type": "aws_s3_bucket",
      "name": "site",
      "provider": "provider[\"registry.terraform.io/hashicorp/aws\"]",
      "instances": [
        {
          "schema_version": 0,
          "attributes": {
            "acceleration_status": "",
            "acl": "public-read",
            "arn": "arn:aws:s3:::labs.simonco.gold",
            "bucket": "labs.simonco.gold",
            "bucket_domain_name": "labs.simonco.gold.s3.amazonaws.com",
            "bucket_prefix": null,
            "bucket_regional_domain_name": "labs.simonco.gold.s3.amazonaws.com",
            "cors_rule": [],
            "force_destroy": false,
            "grant": [],
            "hosted_zone_id": "Z3AQBSTGFYJSTF",
            "id": "labs.simonco.gold",
            "lifecycle_rule": [],
            "logging": [],
            "object_lock_configuration": [],
            "policy": null,
            "region": "us-east-1",
            "replication_configuration": [],
            "request_payer": "BucketOwner",
            "server_side_encryption_configuration": [],
            "tags": null,
            "versioning": [
              {
                "enabled": false,
                "mfa_delete": false
              }
            ],
            "website": [
              {
                "error_document": "index.html",
                "index_document": "index.html",
                "redirect_all_requests_to": "",
                "routing_rules": ""
              }
            ],
            "website_domain": "s3-website-us-east-1.amazonaws.com",
            "website_endpoint": "labs.simonco.gold.s3-website-us-east-1.amazonaws.com"
          },
          "sensitive_attributes": [],
          "private": "bnVsbA=="
        }
      ]
    },
    {
      "module": "module.lab_site",
      "mode": "managed",
      "type": "aws_s3_bucket_policy",
      "name": "public_read",
      "provider": "provider[\"registry.terraform.io/hashicorp/aws\"]",
      "instances": [
        {
          "schema_version": 0,
          "attributes": {
            "bucket": "labs.simonco.gold",
            "id": "labs.simonco.gold",
            "policy": "{\"Statement\":[{\"Action\":\"s3:GetObject\",\"Effect\":\"Allow\",\"Principal\":\"*\",\"Resource\":[\"arn:aws:s3:::labs.simonco.gold\",\"arn:aws:s3:::labs.simonco.gold/*\"],\"Sid\":\"PublicReadGetObject\"}],\"Version\":\"2012-10-17\"}"
          },
          "sensitive_attributes": [],
          "private": "bnVsbA==",
          "dependencies": [
            "module.lab_site.aws_s3_bucket.site"
          ]
        }
      ]
    },
    {
      "module": "module.lab_sites[\"assets\"]",
      "mode": "data",
      "type": "cloudflare_zones",
      "name": "domain",
      "provider": "provider[\"registry.terraform.io/cloudflare/cloudflare\"]",
      "instances": [
        {
          "schema_version": 0,
          "attributes": {
            "filter": [
              {
                "lookup_type": "exact",
                "match": "",
                "name": "simonco.gold",
                "paused": false,
                "status": ""
              }
            ],
            "id": "4c351027f1d50f5ed63f0a52008073f6",
            "zones": [
              {
                "id": "955a2c410ea7c067cc6243f4d0f63846",
                "name": "simonco.gold"
              }
            ]
          },
          "sensitive_attributes": []
        }
      ]
    },
    {
      "module": "module.lab_sites[\"assets\"]",
      "mode": "managed",
      "type": "aws_s3_bucket",
      "name": "site",
      "provider": "provider[\"registry.terraform.io/hashicorp/aws\"]",
      "instances": [
        {
          "schema_version": 0,
          "attributes": {
            "acceleration_status": "",
            "acl": "public-read",
            "arn": "arn:aws:s3:::assets.labs.simonco.gold",
            "bucket": "assets.labs.simonco.gold",
            "bucket_domain_name": "assets.labs.simonco.gold.s3.amazonaws.com",
            "bucket_prefix": null,
            "bucket_regional_domain_name": "assets.labs.simonco.gold.s3.amazonaws.com",
            "cors_rule": [],
            "force_destroy": false,
            "grant": [],
            "hosted_zone_id": "Z3AQBSTGFYJSTF",
            "id": "assets.labs.simonco.gold",
            "lifecycle_rule": [],
            "logging": [],
            "object_lock_configuration": [],
            "policy": null,
            "region": "us-east-1",
            "replication_configuration": [],
            "request_payer": "BucketOwner",
            "server_side_encryption_configuration": [],
            "tags": null,
            "versioning": [
              {
                "enabled": false,
                "mfa_delete": false
              }
            ],
            "website": [
              {
                "error_document": "index.html",
                "index_document": "index.html",
                "redirect_all_requests_to": "",
                "routing_rules": ""
              }
            ],
            "website_domain": "s3-website-us-east-1.amazonaws.com",
            "website_endpoint": "assets.labs.simonco.gold.s3-website-us-east-1.amazonaws.com"
          },
          "sensitive_attributes": [],
          "private": "bnVsbA=="
        }
      ]
    },
    {
      "module": "module.lab_sites[\"assets\"]",
      "mode": "managed",
      "type": "aws_s3_bucket_policy",
      "name": "public_read",
      "provider": "provider[\"registry.terraform.io/hashicorp/aws\"]",
      "instances": [
        {
          "schema_version": 0,
          "attributes": {
            "bucket": "assets.labs.simonco.gold",
            "id": "assets.labs.simonco.gold",
            "policy": "{\"Statement\":[{\"Action\":\"s3:GetObject\",\"Effect\":\"Allow\",\"Principal\":\"*\",\"Resource\":[\"arn:aws:s3:::assets.labs.simonco.gold\",\"arn:aws:s3:::assets.labs.simonco.gold/*\"],\"Sid\":\"PublicReadGetObject\"}],\"Version\":\"2012-10-17\"}"
          },
          "sensitive_attributes": [],
          "private": "bnVsbA==",
          "dependencies": [
            "module.lab_sites.aws_s3_bucket.site"
          ]
        }
      ]
    },
    {
      "module": "module.lab_sites[\"media\"]",
      "mode": "data",
      "type": "cloudflare_zones",
      "name": "domain",
      "provider": "provider[\"registry.terraform.io/cloudflare/cloudflare\"]",
      "instances": [
        {
          "schema_version": 0,
          "attributes": {
            "filter": [
              {
                "lookup_type": "exact",
                "match": "",
                "name": "simonco.gold",
                "paused": false,
                "status": ""
              }
            ],
            "id": "4c351027f1d50f5ed63f0a52008073f6",
            "zones": [
              {
                "id": "955a2c410ea7c067cc6243f4d0f63846",
                "name": "simonco.gold"
              }
            ]
          },
          "sensitive_attributes": []
        }
      ]
    },
    {
      "module": "module.lab_sites[\"media\"]",
      "mode": "managed",
      "type": "aws_s3_bucket",
      "name": "site",
      "provider": "provider[\"registry.terraform.io/hashicorp/aws\"]",
      "instances": [
        {
          "schema_version": 0,
          "attributes": {
            "acceleration_status": "",
            "acl": "public-read",
            "arn": "arn:aws:s3:::media.labs.simonco.gold",
            "bucket": "media.labs.simonco.gold",
            "bucket_domain_name": "media.labs.simonco.gold.s3.amazonaws.com",
            "bucket_prefix": null,
            "bucket_regional_domain_name": "media.labs.simonco.gold.s3.amazonaws.com",
            "cors_rule": [],
            "force_destroy": false,
            "grant": [],
            "hosted_zone_id": "Z3AQBSTGFYJSTF",
            "id": "media.labs.simonco.gold",
            "lifecycle_rule": [],
            "logging": [],
            "object_lock_configuration": [],
            "policy": null,
            "region": "us-east-1",
            "replication_configuration": [],
            "request_payer": "BucketOwner",
            "server_side_encryption_configuration": [],
            "tags": null,
            "versioning": [
              {
                "enabled": false,
                "mfa_delete": false
              }
            ],
            "website": [
              {
                "error_document": "index.html",
                "index_document": "index.html",
                "redirect_all_requests_to": "",
                "routing_rules": ""
              }
            ],
            "website_domain": "s3-website-us-east-1.amazonaws.com",
            "website_endpoint": "media.labs.simonco.gold.s3-website-us-east-1.amazonaws.com"
          },
          "sensitive_attributes": [],
          "private": "bnVsbA=="
        }
      ]
    },
    {
      "module": "module.lab_sites[\"media\"]",
      "mode": "managed",
      "type": "aws_s3_bucket_policy",
      "name": "public_read",
      "provider": "provider[\"registry.terraform.io/hashicorp/aws\"]",
      "instances": [
        {
          "schema_version": 0,
          "attributes": {
            "bucket": "media.labs.simonco.gold",
            "id": "media.labs.simonco.gold",
            "policy": "{\"Statement\":[{\"Action\":\"s3:GetObject\",\"Effect\":\"Allow\",\"Principal\":\"*\",\"Resource\":[\"arn:aws:s3:::media.labs.simonco.gold\",\"arn:aws:s3:::media.labs.simonco.gold/*\"],\"Sid\":\"PublicReadGetObject\"}],\"Version\":\"2012-10-17\"}"
          },
          "sensitive_attributes": [],
          "private": "bnVsbA==",
          "dependencies": [
            "module.lab_sites.aws_s3_bucket.site"
          ]
        }
      ]
    },
    {
      "module": "module.main_site",
      "mode": "data",
      "type": "cloudflare_zones",
      "name": "domain",
      "provider": "provider[\"registry.terraform.io/cloudflare/cloudflare\"]",
      "instances": [
        {
          "schema_version": 0,
          "attributes": {
            "filter": [
              {
                "lookup_type": "exact",
                "match": "",
                "name": "simonco.gold",
                "paused": false,
                "status": ""
              }
            ],
            "id": "4c351027f1d50f5ed63f0a52008073f6",
            "zones": [
              {
                "id": "955a2c410ea7c067cc6243f4d0f63846",
                "name": "simonco.gold"
              }
            ]
          },
          "sensitive_attributes": []
        }
      ]
    },
    {
      "module": "module.main_site",
      "mode": "managed",
      "type": "aws_s3_bucket",
      "name": "site",
      "provider": "provider[\"registry.terraform.io/hashicorp/aws\"]",
      "instances": [
        {
          "schema_version": 0,
          "attributes": {
            "acceleration_status": "",
            "acl": "public-read",
            "arn": "arn:aws:s3:::simonco.gold",
            "bucket": "simonco.gold",
            "bucket_domain_name": "simonco.gold.s3.amazonaws.com",
            "bucket_prefix": null,
            "bucket_regional_domain_name": "simonco.gold.s3.amazonaws.com",
            "cors_rule": [],
            "force_destroy": false,
            "grant": [],
            "hosted_zone_id": "Z3AQBSTGFYJSTF",
            "id": "simonco.gold",
            "lifecycle_rule": [],
            "logging": [],
            "object_lock_configuration": [],
            "policy": null,
            "region": "us-east-1",
            "replication_configuration": [],
            "request_payer": "BucketOwner",
            "server_side_encryption_configuration": [],
            "tags": null,
            "versioning": [
              {
                "enabled": false,
                "mfa_delete": false
              }
            ],
            "website": [
              {
                "error_document": "index.html",
                "index_document": "index.html",
                "redirect_all_requests_to": "",
                "routing_rules": ""
              }
            ],
            "website_domain": "s3-website-us-east-1.amazonaws.com",
            "website_endpoint": "simonco.gold.s3-website-us-east-1.amazonaws.com"
          },
          "sensitive_attributes": [],
          "private": "bnVsbA=="
        }
      ]
    },
    {
      "module": "module.main_site",
      "mode": "managed",
      "type": "aws_s3_bucket_policy",
      "name": "public_read",
      "provider": "provider[\"registry.terraform.io/hashicorp/aws\"]",
      "instances": [
        {
          "schema_version": 0,
          "attributes": {
            "bucket": "simonco.gold",
            "id": "simonco.gold",
            "policy": "{\"Statement\":[{\"Action\":\"s3:GetObject\",\"Effect\":\"Allow\",\"Principal\":\"*\",\"Resource\":[\"arn:aws:s3:::simonco.gold\",\"arn:aws:s3:::simonco.gold/*\"],\"Sid\":\"PublicReadGetObject\"}],\"Version\":\"2012-10-17\"}"
          },
          "sensitive_attributes": [],
          "private": "bnVsbA==",
          "dependencies": [
            "module.main_site.aws_s3_bucket.site"
          ]
        }
      ]
    }
  ]
}
